
Microsoft Visual Studio Solution File, Format Version 12.00
# Visual Studio 15
VisualStudioVersion = 15.0.28307.102
MinimumVisualStudioVersion = 10.0.40219.1
Project("{FAE04EC0-301F-11D3-BF4B-00C04F79EFBC}") = "UserDepartmentEditor", "UserDepartmentEditor\UserDepartmentEditor.csproj", "{3DFEC698-E605-4BAC-ADDA-5B14D8120D4C}"
EndProject
Global
	GlobalSection(SolutionConfigurationPlatforms) = preSolution
		Debug|Any CPU = Debug|Any CPU
		Release|Any CPU = Release|Any CPU
	EndGlobalSection
	GlobalSection(ProjectConfigurationPlatforms) = postSolution
		{3DFEC698-E605-4BAC-ADDA-5B14D8120D4C}.Debug|Any CPU.ActiveCfg = Debug|Any CPU
		{3DFEC698-E605-4BAC-ADDA-5B14D8120D4C}.Debug|Any CPU.Build.0 = Debug|Any CPU
		{3DFEC698-E605-4BAC-ADDA-5B14D8120D4C}.Release|Any CPU.ActiveCfg = Release|Any CPU
		{3DFEC698-E605-4BAC-ADDA-5B14D8120D4C}.Release|Any CPU.Build.0 = Release|Any CPU
	EndGlobalSection
	GlobalSection(SolutionProperties) = preSolution
		HideSolutionNode = FALSE
	EndGlobalSection
	GlobalSection(ExtensibilityGlobals) = postSolution
		SolutionGuid = {56145B07-6B8B-4A34-83F4-B798B14B6328}
	EndGlobalSection
EndGlobal
